
Microsoft Visual Studio Solution File, Format Version 12.00
# Visual Studio Version 16
VisualStudioVersion = 16.0.34031.81
MinimumVisualStudioVersion = 10.0.40219.1
Project("{FAE04EC0-301F-11D3-BF4B-00C04F79EFBC}") = "desafioTEC2", "desafioTEC2\desafioTEC2.csproj", "{32F42B6B-07E2-4350-93B3-555178BBE680}"
EndProject
Global
	GlobalSection(SolutionConfigurationPlatforms) = preSolution
		Debug|Any CPU = Debug|Any CPU
		Release|Any CPU = Release|Any CPU
	EndGlobalSection
	GlobalSection(ProjectConfigurationPlatforms) = postSolution
		{32F42B6B-07E2-4350-93B3-555178BBE680}.Debug|Any CPU.ActiveCfg = Debug|Any CPU
		{32F42B6B-07E2-4350-93B3-555178BBE680}.Debug|Any CPU.Build.0 = Debug|Any CPU
		{32F42B6B-07E2-4350-93B3-555178BBE680}.Release|Any CPU.ActiveCfg = Release|Any CPU
		{32F42B6B-07E2-4350-93B3-555178BBE680}.Release|Any CPU.Build.0 = Release|Any CPU
	EndGlobalSection
	GlobalSection(SolutionProperties) = preSolution
		HideSolutionNode = FALSE
	EndGlobalSection
	GlobalSection(ExtensibilityGlobals) = postSolution
		SolutionGuid = {BC001942-52EB-426B-BDCE-E757F38F610E}
	EndGlobalSection
EndGlobal
